{
  "version": 4,
  "terraform_version": "1.9.8",
  "serial": 1050,
  "lineage": "9d512522-654b-0f3d-6c35-d73eb1e4dcf2",
  "outputs": {
    "floating_ip": {
      "value": "86.119.31.43",
      "type": "string"
    },
    "floating_ips": {
      "value": [
        "86.119.30.54",
        "86.119.30.159",
        "86.119.31.10"
      ],
      "type": [
        "tuple",
        [
          "string",
          "string",
          "string"
        ]
      ]
    },
    "private_ips": {
      "value": [
        "10.0.2.1",
        "10.0.5.90",
        "10.0.3.38"
      ],
      "type": [
        "tuple",
        [
          "string",
          "string",
          "string"
        ]
      ]
    }
  },
  "resources": [
    {
      "mode": "data",
      "type": "openstack_networking_port_v2",
      "name": "docker_ports",
      "provider": "provider[\"registry.terraform.io/terraform-provider-openstack/openstack\"]",
      "instances": [
        {
          "index_key": "docker-mgr-01",
          "schema_version": 0,
          "attributes": {
            "admin_state_up": true,
            "all_fixed_ips": [
              "10.0.2.1",
              "2001:620:5ca1:2f0:f816:3eff:fe64:46fa"
            ],
            "all_security_group_ids": [
              "2694874b-814b-407c-ba31-449a81c70e09",
              "b8461b40-34cf-4bbf-8b05-f09da599c986"
            ],
            "all_tags": [],
            "allowed_address_pairs": [],
            "binding": [
              {
                "host_id": "",
                "profile": "",
                "vif_details": {},
                "vif_type": "",
                "vnic_type": "normal"
              }
            ],
            "description": "",
            "device_id": "e18ad832-7205-4cc1-bae1-817f157ab419",
            "device_owner": "compute:nova",
            "dns_assignment": [
              {
                "fqdn": "docker-mgr-01.ls.switchengines.ch.",
                "hostname": "docker-mgr-01",
                "ip_address": "10.0.2.1"
              },
              {
                "fqdn": "docker-mgr-01.ls.switchengines.ch.",
                "hostname": "docker-mgr-01",
                "ip_address": "2001:620:5ca1:2f0:f816:3eff:fe64:46fa"
              }
            ],
            "dns_name": "docker-mgr-01",
            "extra_dhcp_option": [],
            "fixed_ip": "10.0.2.1",
            "id": "56204524-6039-4581-8e4a-d691b8ad1940",
            "mac_address": "fa:16:3e:64:46:fa",
            "name": "",
            "network_id": "ecf5530b-4285-4ffb-a457-a24fcf989eb2",
            "port_id": "56204524-6039-4581-8e4a-d691b8ad1940",
            "project_id": "aedab07df7994e4ab124c65956b97757",
            "region": "LS",
            "security_group_ids": null,
            "status": null,
            "tags": null,
            "tenant_id": "aedab07df7994e4ab124c65956b97757"
          },
          "sensitive_attributes": []
        },
        {
          "index_key": "docker-wrk-01",
          "schema_version": 0,
          "attributes": {
            "admin_state_up": true,
            "all_fixed_ips": [
              "10.0.5.90",
              "2001:620:5ca1:2f0:f816:3eff:fe8f:fd4a"
            ],
            "all_security_group_ids": [
              "2694874b-814b-407c-ba31-449a81c70e09",
              "b8461b40-34cf-4bbf-8b05-f09da599c986"
            ],
            "all_tags": [],
            "allowed_address_pairs": [],
            "binding": [
              {
                "host_id": "",
                "profile": "",
                "vif_details": {},
                "vif_type": "",
                "vnic_type": "normal"
              }
            ],
            "description": "",
            "device_id": "146e18ef-9fb2-47aa-b744-54ad72c91b48",
            "device_owner": "compute:nova",
            "dns_assignment": [
              {
                "fqdn": "docker-wrk-01.ls.switchengines.ch.",
                "hostname": "docker-wrk-01",
                "ip_address": "10.0.5.90"
              },
              {
                "fqdn": "docker-wrk-01.ls.switchengines.ch.",
                "hostname": "docker-wrk-01",
                "ip_address": "2001:620:5ca1:2f0:f816:3eff:fe8f:fd4a"
              }
            ],
            "dns_name": "docker-wrk-01",
            "extra_dhcp_option": [],
            "fixed_ip": "10.0.5.90",
            "id": "65e7a2f5-6d30-42c8-9592-7a8881a538eb",
            "mac_address": "fa:16:3e:8f:fd:4a",
            "name": "",
            "network_id": "ecf5530b-4285-4ffb-a457-a24fcf989eb2",
            "port_id": "65e7a2f5-6d30-42c8-9592-7a8881a538eb",
            "project_id": "aedab07df7994e4ab124c65956b97757",
            "region": "LS",
            "security_group_ids": null,
            "status": null,
            "tags": null,
            "tenant_id": "aedab07df7994e4ab124c65956b97757"
          },
          "sensitive_attributes": []
        },
        {
          "index_key": "docker-wrk-02",
          "schema_version": 0,
          "attributes": {
            "admin_state_up": true,
            "all_fixed_ips": [
              "10.0.3.38",
              "2001:620:5ca1:2f0:f816:3eff:fea3:dbc3"
            ],
            "all_security_group_ids": [
              "2694874b-814b-407c-ba31-449a81c70e09",
              "b8461b40-34cf-4bbf-8b05-f09da599c986"
            ],
            "all_tags": [],
            "allowed_address_pairs": [],
            "binding": [
              {
                "host_id": "",
                "profile": "",
                "vif_details": {},
                "vif_type": "",
                "vnic_type": "normal"
              }
            ],
            "description": "",
            "device_id": "53821bc3-4ca5-491c-bf17-fef74e317940",
            "device_owner": "compute:nova",
            "dns_assignment": [
              {
                "fqdn": "docker-wrk-02.ls.switchengines.ch.",
                "hostname": "docker-wrk-02",
                "ip_address": "10.0.3.38"
              },
              {
                "fqdn": "docker-wrk-02.ls.switchengines.ch.",
                "hostname": "docker-wrk-02",
                "ip_address": "2001:620:5ca1:2f0:f816:3eff:fea3:dbc3"
              }
            ],
            "dns_name": "docker-wrk-02",
            "extra_dhcp_option": [],
            "fixed_ip": "10.0.3.38",
            "id": "3c8577f1-1476-4231-924d-f24dd1753fda",
            "mac_address": "fa:16:3e:a3:db:c3",
            "name": "",
            "network_id": "ecf5530b-4285-4ffb-a457-a24fcf989eb2",
            "port_id": "3c8577f1-1476-4231-924d-f24dd1753fda",
            "project_id": "aedab07df7994e4ab124c65956b97757",
            "region": "LS",
            "security_group_ids": null,
            "status": null,
            "tags": null,
            "tenant_id": "aedab07df7994e4ab124c65956b97757"
          },
          "sensitive_attributes": []
        }
      ]
    },
    {
      "mode": "data",
      "type": "openstack_networking_port_v2",
      "name": "terraform-vm",
      "provider": "provider[\"registry.terraform.io/terraform-provider-openstack/openstack\"]",
      "instances": [
        {
          "schema_version": 0,
          "attributes": {
            "admin_state_up": true,
            "all_fixed_ips": [
              "10.0.4.28",
              "2001:620:5ca1:2f0:f816:3eff:fe1a:fe46"
            ],
            "all_security_group_ids": [
              "2694874b-814b-407c-ba31-449a81c70e09",
              "7f3168ff-7941-4441-bdac-44c2a0f245c3",
              "b8461b40-34cf-4bbf-8b05-f09da599c986"
            ],
            "all_tags": [],
            "allowed_address_pairs": [],
            "binding": [
              {
                "host_id": "",
                "profile": "",
                "vif_details": {},
                "vif_type": "",
                "vnic_type": "normal"
              }
            ],
            "description": "",
            "device_id": "f5549f76-43af-48af-97e4-5a0f63ea65c0",
            "device_owner": "compute:nova",
            "dns_assignment": [
              {
                "fqdn": "container-lxc-host.ls.switchengines.ch.",
                "hostname": "container-lxc-host",
                "ip_address": "10.0.4.28"
              },
              {
                "fqdn": "container-lxc-host.ls.switchengines.ch.",
                "hostname": "container-lxc-host",
                "ip_address": "2001:620:5ca1:2f0:f816:3eff:fe1a:fe46"
              }
            ],
            "dns_name": "container-lxc-host",
            "extra_dhcp_option": [],
            "fixed_ip": "10.0.4.28",
            "id": "9ffa0e5e-7f17-4277-a06b-51fded7921e1",
            "mac_address": "fa:16:3e:1a:fe:46",
            "name": "",
            "network_id": "ecf5530b-4285-4ffb-a457-a24fcf989eb2",
            "port_id": "9ffa0e5e-7f17-4277-a06b-51fded7921e1",
            "project_id": "aedab07df7994e4ab124c65956b97757",
            "region": "LS",
            "security_group_ids": null,
            "status": null,
            "tags": null,
            "tenant_id": "aedab07df7994e4ab124c65956b97757"
          },
          "sensitive_attributes": []
        }
      ]
    },
    {
      "mode": "managed",
      "type": "openstack_blockstorage_volume_v3",
      "name": "docker_volumes",
      "provider": "provider[\"registry.terraform.io/terraform-provider-openstack/openstack\"]",
      "instances": [
        {
          "index_key": "docker-mgr-01",
          "schema_version": 0,
          "attributes": {
            "attachment": [
              {
                "device": "/dev/vda",
                "id": "68d00fa1-1c2b-4309-ac81-be0b0b6f1c1a",
                "instance_id": "e18ad832-7205-4cc1-bae1-817f157ab419"
              }
            ],
            "availability_zone": "nova",
            "backup_id": "",
            "consistency_group_id": null,
            "description": "50GB volume for docker-mgr-01",
            "enable_online_resize": null,
            "id": "68d00fa1-1c2b-4309-ac81-be0b0b6f1c1a",
            "image_id": "c9d0280a-71dd-428c-9011-cbfd39bf9dc1",
            "metadata": {},
            "name": "docker-mgr-01-volume",
            "region": "LS",
            "scheduler_hints": [],
            "size": 50,
            "snapshot_id": "",
            "source_replica": null,
            "source_vol_id": "",
            "timeouts": null,
            "volume_type": "ceph-standard"
          },
          "sensitive_attributes": [],
          "private": "eyJlMmJmYjczMC1lY2FhLTExZTYtOGY4OC0zNDM2M2JjN2M0YzAiOnsiY3JlYXRlIjo2MDAwMDAwMDAwMDAsImRlbGV0ZSI6NjAwMDAwMDAwMDAwfX0="
        },
        {
          "index_key": "docker-wrk-01",
          "schema_version": 0,
          "attributes": {
            "attachment": [
              {
                "device": "/dev/vda",
                "id": "1010223a-0d4e-4de1-ab35-34c5d8e4037b",
                "instance_id": "146e18ef-9fb2-47aa-b744-54ad72c91b48"
              }
            ],
            "availability_zone": "nova",
            "backup_id": "",
            "consistency_group_id": null,
            "description": "50GB volume for docker-wrk-01",
            "enable_online_resize": null,
            "id": "1010223a-0d4e-4de1-ab35-34c5d8e4037b",
            "image_id": "c9d0280a-71dd-428c-9011-cbfd39bf9dc1",
            "metadata": {},
            "name": "docker-wrk-01-volume",
            "region": "LS",
            "scheduler_hints": [],
            "size": 50,
            "snapshot_id": "",
            "source_replica": null,
            "source_vol_id": "",
            "timeouts": null,
            "volume_type": "ceph-standard"
          },
          "sensitive_attributes": [],
          "private": "eyJlMmJmYjczMC1lY2FhLTExZTYtOGY4OC0zNDM2M2JjN2M0YzAiOnsiY3JlYXRlIjo2MDAwMDAwMDAwMDAsImRlbGV0ZSI6NjAwMDAwMDAwMDAwfX0="
        },
        {
          "index_key": "docker-wrk-02",
          "schema_version": 0,
          "attributes": {
            "attachment": [
              {
                "device": "/dev/vda",
                "id": "f5db4dd5-8791-4395-b9d7-fcdb7e6d5a79",
                "instance_id": "53821bc3-4ca5-491c-bf17-fef74e317940"
              }
            ],
            "availability_zone": "nova",
            "backup_id": "",
            "consistency_group_id": null,
            "description": "50GB volume for docker-wrk-02",
            "enable_online_resize": null,
            "id": "f5db4dd5-8791-4395-b9d7-fcdb7e6d5a79",
            "image_id": "c9d0280a-71dd-428c-9011-cbfd39bf9dc1",
            "metadata": {},
            "name": "docker-wrk-02-volume",
            "region": "LS",
            "scheduler_hints": [],
            "size": 50,
            "snapshot_id": "",
            "source_replica": null,
            "source_vol_id": "",
            "timeouts": null,
            "volume_type": "ceph-standard"
          },
          "sensitive_attributes": [],
          "private": "eyJlMmJmYjczMC1lY2FhLTExZTYtOGY4OC0zNDM2M2JjN2M0YzAiOnsiY3JlYXRlIjo2MDAwMDAwMDAwMDAsImRlbGV0ZSI6NjAwMDAwMDAwMDAwfX0="
        }
      ]
    },
    {
      "mode": "managed",
      "type": "openstack_blockstorage_volume_v3",
      "name": "my_volume",
      "provider": "provider[\"registry.terraform.io/terraform-provider-openstack/openstack\"]",
      "instances": [
        {
          "schema_version": 0,
          "attributes": {
            "attachment": [
              {
                "device": "/dev/vda",
                "id": "a14c4115-0ba6-402e-9937-cd4bb76a6d91",
                "instance_id": "f5549f76-43af-48af-97e4-5a0f63ea65c0"
              }
            ],
            "availability_zone": "nova",
            "backup_id": "",
            "consistency_group_id": null,
            "description": "50GB volume for container-lxc-host",
            "enable_online_resize": null,
            "id": "a14c4115-0ba6-402e-9937-cd4bb76a6d91",
            "image_id": "c9d0280a-71dd-428c-9011-cbfd39bf9dc1",
            "metadata": {},
            "name": "my-volume",
            "region": "LS",
            "scheduler_hints": [],
            "size": 50,
            "snapshot_id": "",
            "source_replica": null,
            "source_vol_id": "",
            "timeouts": null,
            "volume_type": "ceph-standard"
          },
          "sensitive_attributes": [],
          "private": "eyJlMmJmYjczMC1lY2FhLTExZTYtOGY4OC0zNDM2M2JjN2M0YzAiOnsiY3JlYXRlIjo2MDAwMDAwMDAwMDAsImRlbGV0ZSI6NjAwMDAwMDAwMDAwfX0="
        }
      ]
    },
    {
      "mode": "managed",
      "type": "openstack_compute_instance_v2",
      "name": "container-lxc-host",
      "provider": "provider[\"registry.terraform.io/terraform-provider-openstack/openstack\"]",
      "instances": [
        {
          "schema_version": 0,
          "attributes": {
            "access_ip_v4": "10.0.4.28",
            "access_ip_v6": "[2001:620:5ca1:2f0:f816:3eff:fe1a:fe46]",
            "admin_pass": null,
            "all_metadata": {},
            "all_tags": [],
            "availability_zone": "nova",
            "availability_zone_hints": null,
            "block_device": [
              {
                "boot_index": 0,
                "delete_on_termination": true,
                "destination_type": "volume",
                "device_type": "",
                "disk_bus": "",
                "guest_format": "",
                "multiattach": false,
                "source_type": "volume",
                "uuid": "a14c4115-0ba6-402e-9937-cd4bb76a6d91",
                "volume_size": 0,
                "volume_type": ""
              }
            ],
            "config_drive": null,
            "created": "2024-10-27 15:20:32 +0000 UTC",
            "flavor_id": "3",
            "flavor_name": "m1.medium",
            "force_delete": false,
            "id": "f5549f76-43af-48af-97e4-5a0f63ea65c0",
            "image_id": "Attempt to boot from volume - no image supplied",
            "image_name": null,
            "key_pair": "LapVik2024",
            "metadata": null,
            "name": "container-lxc-host",
            "network": [
              {
                "access_network": false,
                "fixed_ip_v4": "10.0.4.28",
                "fixed_ip_v6": "[2001:620:5ca1:2f0:f816:3eff:fe1a:fe46]",
                "mac": "fa:16:3e:1a:fe:46",
                "name": "private",
                "port": "",
                "uuid": "ecf5530b-4285-4ffb-a457-a24fcf989eb2"
              }
            ],
            "network_mode": null,
            "personality": [],
            "power_state": "active",
            "region": "LS",
            "scheduler_hints": [],
            "security_groups": [
              "default_security_group",
              "monitoring_security_group",
              "nginx_security_group"
            ],
            "stop_before_destroy": false,
            "tags": [],
            "timeouts": null,
            "updated": "2024-10-27 15:20:46 +0000 UTC",
            "user_data": null,
            "vendor_options": []
          },
          "sensitive_attributes": [
            [
              {
                "type": "get_attr",
                "value": "admin_pass"
              }
            ]
          ],
          "private": "eyJlMmJmYjczMC1lY2FhLTExZTYtOGY4OC0zNDM2M2JjN2M0YzAiOnsiY3JlYXRlIjoxODAwMDAwMDAwMDAwLCJkZWxldGUiOjE4MDAwMDAwMDAwMDAsInVwZGF0ZSI6MTgwMDAwMDAwMDAwMH19",
          "dependencies": [
            "openstack_blockstorage_volume_v3.my_volume",
            "openstack_networking_secgroup_v2.monitoring_security_group",
            "openstack_networking_secgroup_v2.nginx_security_group",
            "openstack_networking_secgroup_v2.security_group"
          ]
        }
      ]
    },
    {
      "mode": "managed",
      "type": "openstack_compute_instance_v2",
      "name": "docker_instances",
      "provider": "provider[\"registry.terraform.io/terraform-provider-openstack/openstack\"]",
      "instances": [
        {
          "index_key": "docker-mgr-01",
          "schema_version": 0,
          "attributes": {
            "access_ip_v4": "10.0.2.1",
            "access_ip_v6": "[2001:620:5ca1:2f0:f816:3eff:fe64:46fa]",
            "admin_pass": null,
            "all_metadata": {},
            "all_tags": [],
            "availability_zone": "nova",
            "availability_zone_hints": null,
            "block_device": [
              {
                "boot_index": 0,
                "delete_on_termination": true,
                "destination_type": "volume",
                "device_type": "",
                "disk_bus": "",
                "guest_format": "",
                "multiattach": false,
                "source_type": "volume",
                "uuid": "68d00fa1-1c2b-4309-ac81-be0b0b6f1c1a",
                "volume_size": 0,
                "volume_type": ""
              }
            ],
            "config_drive": null,
            "created": "2024-10-27 15:20:34 +0000 UTC",
            "flavor_id": "3",
            "flavor_name": "m1.medium",
            "force_delete": false,
            "id": "e18ad832-7205-4cc1-bae1-817f157ab419",
            "image_id": "Attempt to boot from volume - no image supplied",
            "image_name": null,
            "key_pair": "LapVik2024",
            "metadata": null,
            "name": "docker-mgr-01",
            "network": [
              {
                "access_network": false,
                "fixed_ip_v4": "10.0.2.1",
                "fixed_ip_v6": "[2001:620:5ca1:2f0:f816:3eff:fe64:46fa]",
                "mac": "fa:16:3e:64:46:fa",
                "name": "private",
                "port": "",
                "uuid": "ecf5530b-4285-4ffb-a457-a24fcf989eb2"
              }
            ],
            "network_mode": null,
            "personality": [],
            "power_state": "active",
            "region": "LS",
            "scheduler_hints": [],
            "security_groups": [
              "default_security_group",
              "monitoring_security_group"
            ],
            "stop_before_destroy": false,
            "tags": [],
            "timeouts": null,
            "updated": "2024-10-27 15:20:44 +0000 UTC",
            "user_data": null,
            "vendor_options": []
          },
          "sensitive_attributes": [
            [
              {
                "type": "get_attr",
                "value": "admin_pass"
              }
            ]
          ],
          "private": "eyJlMmJmYjczMC1lY2FhLTExZTYtOGY4OC0zNDM2M2JjN2M0YzAiOnsiY3JlYXRlIjoxODAwMDAwMDAwMDAwLCJkZWxldGUiOjE4MDAwMDAwMDAwMDAsInVwZGF0ZSI6MTgwMDAwMDAwMDAwMH19",
          "dependencies": [
            "openstack_blockstorage_volume_v3.docker_volumes",
            "openstack_networking_secgroup_v2.monitoring_security_group",
            "openstack_networking_secgroup_v2.security_group"
          ]
        },
        {
          "index_key": "docker-wrk-01",
          "schema_version": 0,
          "attributes": {
            "access_ip_v4": "10.0.5.90",
            "access_ip_v6": "[2001:620:5ca1:2f0:f816:3eff:fe8f:fd4a]",
            "admin_pass": null,
            "all_metadata": {},
            "all_tags": [],
            "availability_zone": "nova",
            "availability_zone_hints": null,
            "block_device": [
              {
                "boot_index": 0,
                "delete_on_termination": true,
                "destination_type": "volume",
                "device_type": "",
                "disk_bus": "",
                "guest_format": "",
                "multiattach": false,
                "source_type": "volume",
                "uuid": "1010223a-0d4e-4de1-ab35-34c5d8e4037b",
                "volume_size": 0,
                "volume_type": ""
              }
            ],
            "config_drive": null,
            "created": "2024-10-27 15:20:32 +0000 UTC",
            "flavor_id": "3",
            "flavor_name": "m1.medium",
            "force_delete": false,
            "id": "146e18ef-9fb2-47aa-b744-54ad72c91b48",
            "image_id": "Attempt to boot from volume - no image supplied",
            "image_name": null,
            "key_pair": "LapVik2024",
            "metadata": null,
            "name": "docker-wrk-01",
            "network": [
              {
                "access_network": false,
                "fixed_ip_v4": "10.0.5.90",
                "fixed_ip_v6": "[2001:620:5ca1:2f0:f816:3eff:fe8f:fd4a]",
                "mac": "fa:16:3e:8f:fd:4a",
                "name": "private",
                "port": "",
                "uuid": "ecf5530b-4285-4ffb-a457-a24fcf989eb2"
              }
            ],
            "network_mode": null,
            "personality": [],
            "power_state": "active",
            "region": "LS",
            "scheduler_hints": [],
            "security_groups": [
              "default_security_group",
              "monitoring_security_group"
            ],
            "stop_before_destroy": false,
            "tags": [],
            "timeouts": null,
            "updated": "2024-10-27 15:20:45 +0000 UTC",
            "user_data": null,
            "vendor_options": []
          },
          "sensitive_attributes": [
            [
              {
                "type": "get_attr",
                "value": "admin_pass"
              }
            ]
          ],
          "private": "eyJlMmJmYjczMC1lY2FhLTExZTYtOGY4OC0zNDM2M2JjN2M0YzAiOnsiY3JlYXRlIjoxODAwMDAwMDAwMDAwLCJkZWxldGUiOjE4MDAwMDAwMDAwMDAsInVwZGF0ZSI6MTgwMDAwMDAwMDAwMH19",
          "dependencies": [
            "openstack_blockstorage_volume_v3.docker_volumes",
            "openstack_networking_secgroup_v2.monitoring_security_group",
            "openstack_networking_secgroup_v2.security_group"
          ]
        },
        {
          "index_key": "docker-wrk-02",
          "schema_version": 0,
          "attributes": {
            "access_ip_v4": "10.0.3.38",
            "access_ip_v6": "[2001:620:5ca1:2f0:f816:3eff:fea3:dbc3]",
            "admin_pass": null,
            "all_metadata": {},
            "all_tags": [],
            "availability_zone": "nova",
            "availability_zone_hints": null,
            "block_device": [
              {
                "boot_index": 0,
                "delete_on_termination": true,
                "destination_type": "volume",
                "device_type": "",
                "disk_bus": "",
                "guest_format": "",
                "multiattach": false,
                "source_type": "volume",
                "uuid": "f5db4dd5-8791-4395-b9d7-fcdb7e6d5a79",
                "volume_size": 0,
                "volume_type": ""
              }
            ],
            "config_drive": null,
            "created": "2024-10-27 15:20:32 +0000 UTC",
            "flavor_id": "3",
            "flavor_name": "m1.medium",
            "force_delete": false,
            "id": "53821bc3-4ca5-491c-bf17-fef74e317940",
            "image_id": "Attempt to boot from volume - no image supplied",
            "image_name": null,
            "key_pair": "LapVik2024",
            "metadata": null,
            "name": "docker-wrk-02",
            "network": [
              {
                "access_network": false,
                "fixed_ip_v4": "10.0.3.38",
                "fixed_ip_v6": "[2001:620:5ca1:2f0:f816:3eff:fea3:dbc3]",
                "mac": "fa:16:3e:a3:db:c3",
                "name": "private",
                "port": "",
                "uuid": "ecf5530b-4285-4ffb-a457-a24fcf989eb2"
              }
            ],
            "network_mode": null,
            "personality": [],
            "power_state": "active",
            "region": "LS",
            "scheduler_hints": [],
            "security_groups": [
              "default_security_group",
              "monitoring_security_group"
            ],
            "stop_before_destroy": false,
            "tags": [],
            "timeouts": null,
            "updated": "2024-10-27 15:20:44 +0000 UTC",
            "user_data": null,
            "vendor_options": []
          },
          "sensitive_attributes": [
            [
              {
                "type": "get_attr",
                "value": "admin_pass"
              }
            ]
          ],
          "private": "eyJlMmJmYjczMC1lY2FhLTExZTYtOGY4OC0zNDM2M2JjN2M0YzAiOnsiY3JlYXRlIjoxODAwMDAwMDAwMDAwLCJkZWxldGUiOjE4MDAwMDAwMDAwMDAsInVwZGF0ZSI6MTgwMDAwMDAwMDAwMH19",
          "dependencies": [
            "openstack_blockstorage_volume_v3.docker_volumes",
            "openstack_networking_secgroup_v2.monitoring_security_group",
            "openstack_networking_secgroup_v2.security_group"
          ]
        }
      ]
    },
    {
      "mode": "managed",
      "type": "openstack_networking_floatingip_associate_v2",
      "name": "fip_assoc",
      "provider": "provider[\"registry.terraform.io/terraform-provider-openstack/openstack\"]",
      "instances": [
        {
          "schema_version": 0,
          "attributes": {
            "fixed_ip": "10.0.4.28",
            "floating_ip": "86.119.31.43",
            "id": "d52354ec-d071-40ac-ac66-0cb682c5b436",
            "port_id": "9ffa0e5e-7f17-4277-a06b-51fded7921e1",
            "region": "LS"
          },
          "sensitive_attributes": [],
          "private": "bnVsbA==",
          "dependencies": [
            "data.openstack_networking_port_v2.terraform-vm",
            "openstack_blockstorage_volume_v3.my_volume",
            "openstack_compute_instance_v2.container-lxc-host",
            "openstack_networking_floatingip_v2.floating_ip",
            "openstack_networking_secgroup_v2.monitoring_security_group",
            "openstack_networking_secgroup_v2.nginx_security_group",
            "openstack_networking_secgroup_v2.security_group"
          ]
        }
      ]
    },
    {
      "mode": "managed",
      "type": "openstack_networking_floatingip_associate_v2",
      "name": "fip_assoc_docker",
      "provider": "provider[\"registry.terraform.io/terraform-provider-openstack/openstack\"]",
      "instances": [
        {
          "index_key": "docker-mgr-01",
          "schema_version": 0,
          "attributes": {
            "fixed_ip": "10.0.2.1",
            "floating_ip": "86.119.30.54",
            "id": "47d93609-0d20-4b7e-b4de-dba31d1b89fa",
            "port_id": "56204524-6039-4581-8e4a-d691b8ad1940",
            "region": "LS"
          },
          "sensitive_attributes": [],
          "private": "bnVsbA==",
          "dependencies": [
            "data.openstack_networking_port_v2.docker_ports",
            "openstack_blockstorage_volume_v3.docker_volumes",
            "openstack_compute_instance_v2.docker_instances",
            "openstack_networking_floatingip_v2.floating_ips",
            "openstack_networking_secgroup_v2.monitoring_security_group",
            "openstack_networking_secgroup_v2.security_group"
          ]
        },
        {
          "index_key": "docker-wrk-01",
          "schema_version": 0,
          "attributes": {
            "fixed_ip": "10.0.5.90",
            "floating_ip": "86.119.30.159",
            "id": "c686a896-b9b5-49a3-8d9d-787a2c6d48d6",
            "port_id": "65e7a2f5-6d30-42c8-9592-7a8881a538eb",
            "region": "LS"
          },
          "sensitive_attributes": [],
          "private": "bnVsbA==",
          "dependencies": [
            "data.openstack_networking_port_v2.docker_ports",
            "openstack_blockstorage_volume_v3.docker_volumes",
            "openstack_compute_instance_v2.docker_instances",
            "openstack_networking_floatingip_v2.floating_ips",
            "openstack_networking_secgroup_v2.monitoring_security_group",
            "openstack_networking_secgroup_v2.security_group"
          ]
        },
        {
          "index_key": "docker-wrk-02",
          "schema_version": 0,
          "attributes": {
            "fixed_ip": "10.0.3.38",
            "floating_ip": "86.119.31.10",
            "id": "86629c23-3ebf-4d8b-9b14-637f5d34ff52",
            "port_id": "3c8577f1-1476-4231-924d-f24dd1753fda",
            "region": "LS"
          },
          "sensitive_attributes": [],
          "private": "bnVsbA==",
          "dependencies": [
            "data.openstack_networking_port_v2.docker_ports",
            "openstack_blockstorage_volume_v3.docker_volumes",
            "openstack_compute_instance_v2.docker_instances",
            "openstack_networking_floatingip_v2.floating_ips",
            "openstack_networking_secgroup_v2.monitoring_security_group",
            "openstack_networking_secgroup_v2.security_group"
          ]
        }
      ]
    },
    {
      "mode": "managed",
      "type": "openstack_networking_floatingip_v2",
      "name": "floating_ip",
      "provider": "provider[\"registry.terraform.io/terraform-provider-openstack/openstack\"]",
      "instances": [
        {
          "schema_version": 0,
          "attributes": {
            "address": "86.119.31.43",
            "all_tags": [],
            "description": "",
            "dns_domain": "",
            "dns_name": "",
            "fixed_ip": "10.0.4.28",
            "id": "d52354ec-d071-40ac-ac66-0cb682c5b436",
            "pool": "public",
            "port_id": "9ffa0e5e-7f17-4277-a06b-51fded7921e1",
            "region": "LS",
            "subnet_id": null,
            "subnet_ids": null,
            "tags": [],
            "tenant_id": "aedab07df7994e4ab124c65956b97757",
            "timeouts": null,
            "value_specs": null
          },
          "sensitive_attributes": [],
          "private": "eyJlMmJmYjczMC1lY2FhLTExZTYtOGY4OC0zNDM2M2JjN2M0YzAiOnsiY3JlYXRlIjo2MDAwMDAwMDAwMDAsImRlbGV0ZSI6NjAwMDAwMDAwMDAwfX0="
        }
      ]
    },
    {
      "mode": "managed",
      "type": "openstack_networking_floatingip_v2",
      "name": "floating_ips",
      "provider": "provider[\"registry.terraform.io/terraform-provider-openstack/openstack\"]",
      "instances": [
        {
          "index_key": "docker-mgr-01",
          "schema_version": 0,
          "attributes": {
            "address": "86.119.30.54",
            "all_tags": [],
            "description": "",
            "dns_domain": "",
            "dns_name": "",
            "fixed_ip": "10.0.2.1",
            "id": "47d93609-0d20-4b7e-b4de-dba31d1b89fa",
            "pool": "public",
            "port_id": "56204524-6039-4581-8e4a-d691b8ad1940",
            "region": "LS",
            "subnet_id": null,
            "subnet_ids": null,
            "tags": [],
            "tenant_id": "aedab07df7994e4ab124c65956b97757",
            "timeouts": null,
            "value_specs": null
          },
          "sensitive_attributes": [],
          "private": "eyJlMmJmYjczMC1lY2FhLTExZTYtOGY4OC0zNDM2M2JjN2M0YzAiOnsiY3JlYXRlIjo2MDAwMDAwMDAwMDAsImRlbGV0ZSI6NjAwMDAwMDAwMDAwfX0="
        },
        {
          "index_key": "docker-wrk-01",
          "schema_version": 0,
          "attributes": {
            "address": "86.119.30.159",
            "all_tags": [],
            "description": "",
            "dns_domain": "",
            "dns_name": "",
            "fixed_ip": "10.0.5.90",
            "id": "c686a896-b9b5-49a3-8d9d-787a2c6d48d6",
            "pool": "public",
            "port_id": "65e7a2f5-6d30-42c8-9592-7a8881a538eb",
            "region": "LS",
            "subnet_id": null,
            "subnet_ids": null,
            "tags": [],
            "tenant_id": "aedab07df7994e4ab124c65956b97757",
            "timeouts": null,
            "value_specs": null
          },
          "sensitive_attributes": [],
          "private": "eyJlMmJmYjczMC1lY2FhLTExZTYtOGY4OC0zNDM2M2JjN2M0YzAiOnsiY3JlYXRlIjo2MDAwMDAwMDAwMDAsImRlbGV0ZSI6NjAwMDAwMDAwMDAwfX0="
        },
        {
          "index_key": "docker-wrk-02",
          "schema_version": 0,
          "attributes": {
            "address": "86.119.31.10",
            "all_tags": [],
            "description": "",
            "dns_domain": "",
            "dns_name": "",
            "fixed_ip": "10.0.3.38",
            "id": "86629c23-3ebf-4d8b-9b14-637f5d34ff52",
            "pool": "public",
            "port_id": "3c8577f1-1476-4231-924d-f24dd1753fda",
            "region": "LS",
            "subnet_id": null,
            "subnet_ids": null,
            "tags": [],
            "tenant_id": "aedab07df7994e4ab124c65956b97757",
            "timeouts": null,
            "value_specs": null
          },
          "sensitive_attributes": [],
          "private": "eyJlMmJmYjczMC1lY2FhLTExZTYtOGY4OC0zNDM2M2JjN2M0YzAiOnsiY3JlYXRlIjo2MDAwMDAwMDAwMDAsImRlbGV0ZSI6NjAwMDAwMDAwMDAwfX0="
        }
      ]
    },
    {
      "mode": "managed",
      "type": "openstack_networking_secgroup_rule_v2",
      "name": "Docker-Swarm",
      "provider": "provider[\"registry.terraform.io/terraform-provider-openstack/openstack\"]",
      "instances": [
        {
          "schema_version": 0,
          "attributes": {
            "description": "",
            "direction": "ingress",
            "ethertype": "IPv4",
            "id": "3907cc7b-0920-4a35-9c24-8c7cd91cdf35",
            "port_range_max": 0,
            "port_range_min": 0,
            "protocol": "tcp",
            "region": "LS",
            "remote_group_id": "",
            "remote_ip_prefix": "0.0.0.0/0",
            "security_group_id": "b8461b40-34cf-4bbf-8b05-f09da599c986",
            "tenant_id": "aedab07df7994e4ab124c65956b97757",
            "timeouts": null
          },
          "sensitive_attributes": [],
          "private": "eyJlMmJmYjczMC1lY2FhLTExZTYtOGY4OC0zNDM2M2JjN2M0YzAiOnsiZGVsZXRlIjo2MDAwMDAwMDAwMDB9fQ==",
          "dependencies": [
            "openstack_networking_secgroup_v2.security_group"
          ]
        }
      ]
    },
    {
      "mode": "managed",
      "type": "openstack_networking_secgroup_rule_v2",
      "name": "ICMP",
      "provider": "provider[\"registry.terraform.io/terraform-provider-openstack/openstack\"]",
      "instances": [
        {
          "schema_version": 0,
          "attributes": {
            "description": "",
            "direction": "ingress",
            "ethertype": "IPv4",
            "id": "052403f5-ba6f-44c2-bfd3-f0be593ede98",
            "port_range_max": 0,
            "port_range_min": 0,
            "protocol": "icmp",
            "region": "LS",
            "remote_group_id": "",
            "remote_ip_prefix": "0.0.0.0/0",
            "security_group_id": "b8461b40-34cf-4bbf-8b05-f09da599c986",
            "tenant_id": "aedab07df7994e4ab124c65956b97757",
            "timeouts": null
          },
          "sensitive_attributes": [],
          "private": "eyJlMmJmYjczMC1lY2FhLTExZTYtOGY4OC0zNDM2M2JjN2M0YzAiOnsiZGVsZXRlIjo2MDAwMDAwMDAwMDB9fQ==",
          "dependencies": [
            "openstack_networking_secgroup_v2.security_group"
          ]
        }
      ]
    },
    {
      "mode": "managed",
      "type": "openstack_networking_secgroup_rule_v2",
      "name": "ingress_ipv4",
      "provider": "provider[\"registry.terraform.io/terraform-provider-openstack/openstack\"]",
      "instances": [
        {
          "schema_version": 0,
          "attributes": {
            "description": "",
            "direction": "ingress",
            "ethertype": "IPv4",
            "id": "f3f058e2-a77b-4812-9cd9-e69f6b0c60af",
            "port_range_max": 22,
            "port_range_min": 22,
            "protocol": "tcp",
            "region": "LS",
            "remote_group_id": "",
            "remote_ip_prefix": "0.0.0.0/0",
            "security_group_id": "b8461b40-34cf-4bbf-8b05-f09da599c986",
            "tenant_id": "aedab07df7994e4ab124c65956b97757",
            "timeouts": null
          },
          "sensitive_attributes": [],
          "private": "eyJlMmJmYjczMC1lY2FhLTExZTYtOGY4OC0zNDM2M2JjN2M0YzAiOnsiZGVsZXRlIjo2MDAwMDAwMDAwMDB9fQ==",
          "dependencies": [
            "openstack_networking_secgroup_v2.security_group"
          ]
        }
      ]
    },
    {
      "mode": "managed",
      "type": "openstack_networking_secgroup_rule_v2",
      "name": "ingress_ipv6",
      "provider": "provider[\"registry.terraform.io/terraform-provider-openstack/openstack\"]",
      "instances": [
        {
          "schema_version": 0,
          "attributes": {
            "description": "",
            "direction": "ingress",
            "ethertype": "IPv6",
            "id": "2a09cef8-280f-442c-9e3b-78728b09f184",
            "port_range_max": 22,
            "port_range_min": 22,
            "protocol": "tcp",
            "region": "LS",
            "remote_group_id": "",
            "remote_ip_prefix": "::/0",
            "security_group_id": "b8461b40-34cf-4bbf-8b05-f09da599c986",
            "tenant_id": "aedab07df7994e4ab124c65956b97757",
            "timeouts": null
          },
          "sensitive_attributes": [],
          "private": "eyJlMmJmYjczMC1lY2FhLTExZTYtOGY4OC0zNDM2M2JjN2M0YzAiOnsiZGVsZXRlIjo2MDAwMDAwMDAwMDB9fQ==",
          "dependencies": [
            "openstack_networking_secgroup_v2.security_group"
          ]
        }
      ]
    },
    {
      "mode": "managed",
      "type": "openstack_networking_secgroup_rule_v2",
      "name": "monitoring_ingress_cadvisor",
      "provider": "provider[\"registry.terraform.io/terraform-provider-openstack/openstack\"]",
      "instances": [
        {
          "schema_version": 0,
          "attributes": {
            "description": "",
            "direction": "ingress",
            "ethertype": "IPv4",
            "id": "8785f7ce-be7b-45ed-b450-7f2ea7a581d4",
            "port_range_max": 8080,
            "port_range_min": 8080,
            "protocol": "tcp",
            "region": "LS",
            "remote_group_id": "",
            "remote_ip_prefix": "0.0.0.0/0",
            "security_group_id": "2694874b-814b-407c-ba31-449a81c70e09",
            "tenant_id": "aedab07df7994e4ab124c65956b97757",
            "timeouts": null
          },
          "sensitive_attributes": [],
          "private": "eyJlMmJmYjczMC1lY2FhLTExZTYtOGY4OC0zNDM2M2JjN2M0YzAiOnsiZGVsZXRlIjo2MDAwMDAwMDAwMDB9fQ==",
          "dependencies": [
            "openstack_networking_secgroup_v2.monitoring_security_group"
          ]
        }
      ]
    },
    {
      "mode": "managed",
      "type": "openstack_networking_secgroup_rule_v2",
      "name": "monitoring_ingress_grafana",
      "provider": "provider[\"registry.terraform.io/terraform-provider-openstack/openstack\"]",
      "instances": [
        {
          "schema_version": 0,
          "attributes": {
            "description": "",
            "direction": "ingress",
            "ethertype": "IPv4",
            "id": "e47606ff-485c-4360-ac68-734a41d360c0",
            "port_range_max": 3000,
            "port_range_min": 3000,
            "protocol": "tcp",
            "region": "LS",
            "remote_group_id": "",
            "remote_ip_prefix": "0.0.0.0/0",
            "security_group_id": "2694874b-814b-407c-ba31-449a81c70e09",
            "tenant_id": "aedab07df7994e4ab124c65956b97757",
            "timeouts": null
          },
          "sensitive_attributes": [],
          "private": "eyJlMmJmYjczMC1lY2FhLTExZTYtOGY4OC0zNDM2M2JjN2M0YzAiOnsiZGVsZXRlIjo2MDAwMDAwMDAwMDB9fQ==",
          "dependencies": [
            "openstack_networking_secgroup_v2.monitoring_security_group"
          ]
        }
      ]
    },
    {
      "mode": "managed",
      "type": "openstack_networking_secgroup_rule_v2",
      "name": "monitoring_ingress_http",
      "provider": "provider[\"registry.terraform.io/terraform-provider-openstack/openstack\"]",
      "instances": [
        {
          "schema_version": 0,
          "attributes": {
            "description": "",
            "direction": "ingress",
            "ethertype": "IPv4",
            "id": "bd736983-7f2c-481d-b9b3-d4b8570178d1",
            "port_range_max": 80,
            "port_range_min": 80,
            "protocol": "tcp",
            "region": "LS",
            "remote_group_id": "",
            "remote_ip_prefix": "0.0.0.0/0",
            "security_group_id": "2694874b-814b-407c-ba31-449a81c70e09",
            "tenant_id": "aedab07df7994e4ab124c65956b97757",
            "timeouts": null
          },
          "sensitive_attributes": [],
          "private": "eyJlMmJmYjczMC1lY2FhLTExZTYtOGY4OC0zNDM2M2JjN2M0YzAiOnsiZGVsZXRlIjo2MDAwMDAwMDAwMDB9fQ==",
          "dependencies": [
            "openstack_networking_secgroup_v2.monitoring_security_group"
          ]
        }
      ]
    },
    {
      "mode": "managed",
      "type": "openstack_networking_secgroup_rule_v2",
      "name": "monitoring_ingress_https",
      "provider": "provider[\"registry.terraform.io/terraform-provider-openstack/openstack\"]",
      "instances": [
        {
          "schema_version": 0,
          "attributes": {
            "description": "",
            "direction": "ingress",
            "ethertype": "IPv4",
            "id": "b06d1afe-7ea5-48ba-abcb-66ad0db7dc93",
            "port_range_max": 443,
            "port_range_min": 443,
            "protocol": "tcp",
            "region": "LS",
            "remote_group_id": "",
            "remote_ip_prefix": "0.0.0.0/0",
            "security_group_id": "2694874b-814b-407c-ba31-449a81c70e09",
            "tenant_id": "aedab07df7994e4ab124c65956b97757",
            "timeouts": null
          },
          "sensitive_attributes": [],
          "private": "eyJlMmJmYjczMC1lY2FhLTExZTYtOGY4OC0zNDM2M2JjN2M0YzAiOnsiZGVsZXRlIjo2MDAwMDAwMDAwMDB9fQ==",
          "dependencies": [
            "openstack_networking_secgroup_v2.monitoring_security_group"
          ]
        }
      ]
    },
    {
      "mode": "managed",
      "type": "openstack_networking_secgroup_rule_v2",
      "name": "monitoring_ingress_prometheus",
      "provider": "provider[\"registry.terraform.io/terraform-provider-openstack/openstack\"]",
      "instances": [
        {
          "schema_version": 0,
          "attributes": {
            "description": "",
            "direction": "ingress",
            "ethertype": "IPv4",
            "id": "053d708a-8a22-4713-af20-faf057cec234",
            "port_range_max": 9090,
            "port_range_min": 9090,
            "protocol": "tcp",
            "region": "LS",
            "remote_group_id": "",
            "remote_ip_prefix": "0.0.0.0/0",
            "security_group_id": "2694874b-814b-407c-ba31-449a81c70e09",
            "tenant_id": "aedab07df7994e4ab124c65956b97757",
            "timeouts": null
          },
          "sensitive_attributes": [],
          "private": "eyJlMmJmYjczMC1lY2FhLTExZTYtOGY4OC0zNDM2M2JjN2M0YzAiOnsiZGVsZXRlIjo2MDAwMDAwMDAwMDB9fQ==",
          "dependencies": [
            "openstack_networking_secgroup_v2.monitoring_security_group"
          ]
        }
      ]
    },
    {
      "mode": "managed",
      "type": "openstack_networking_secgroup_rule_v2",
      "name": "monitoring_ingress_tcp9100",
      "provider": "provider[\"registry.terraform.io/terraform-provider-openstack/openstack\"]",
      "instances": [
        {
          "schema_version": 0,
          "attributes": {
            "description": "",
            "direction": "ingress",
            "ethertype": "IPv4",
            "id": "7e77f1a6-a61f-43ce-b8ef-4c8d041760e2",
            "port_range_max": 9100,
            "port_range_min": 9100,
            "protocol": "tcp",
            "region": "LS",
            "remote_group_id": "",
            "remote_ip_prefix": "0.0.0.0/0",
            "security_group_id": "2694874b-814b-407c-ba31-449a81c70e09",
            "tenant_id": "aedab07df7994e4ab124c65956b97757",
            "timeouts": null
          },
          "sensitive_attributes": [],
          "private": "eyJlMmJmYjczMC1lY2FhLTExZTYtOGY4OC0zNDM2M2JjN2M0YzAiOnsiZGVsZXRlIjo2MDAwMDAwMDAwMDB9fQ==",
          "dependencies": [
            "openstack_networking_secgroup_v2.monitoring_security_group"
          ]
        }
      ]
    },
    {
      "mode": "managed",
      "type": "openstack_networking_secgroup_rule_v2",
      "name": "nginx_ingress_http",
      "provider": "provider[\"registry.terraform.io/terraform-provider-openstack/openstack\"]",
      "instances": [
        {
          "schema_version": 0,
          "attributes": {
            "description": "",
            "direction": "ingress",
            "ethertype": "IPv4",
            "id": "88c00631-7f72-48d2-80fb-ec8998e5f73a",
            "port_range_max": 80,
            "port_range_min": 80,
            "protocol": "tcp",
            "region": "LS",
            "remote_group_id": "",
            "remote_ip_prefix": "0.0.0.0/0",
            "security_group_id": "7f3168ff-7941-4441-bdac-44c2a0f245c3",
            "tenant_id": "aedab07df7994e4ab124c65956b97757",
            "timeouts": null
          },
          "sensitive_attributes": [],
          "private": "eyJlMmJmYjczMC1lY2FhLTExZTYtOGY4OC0zNDM2M2JjN2M0YzAiOnsiZGVsZXRlIjo2MDAwMDAwMDAwMDB9fQ==",
          "dependencies": [
            "openstack_networking_secgroup_v2.nginx_security_group"
          ]
        }
      ]
    },
    {
      "mode": "managed",
      "type": "openstack_networking_secgroup_rule_v2",
      "name": "nginx_ingress_tcp8624",
      "provider": "provider[\"registry.terraform.io/terraform-provider-openstack/openstack\"]",
      "instances": [
        {
          "schema_version": 0,
          "attributes": {
            "description": "",
            "direction": "ingress",
            "ethertype": "IPv4",
            "id": "c38d5677-9800-4fa9-a07d-fa55e1b58eb0",
            "port_range_max": 8624,
            "port_range_min": 8624,
            "protocol": "tcp",
            "region": "LS",
            "remote_group_id": "",
            "remote_ip_prefix": "0.0.0.0/0",
            "security_group_id": "7f3168ff-7941-4441-bdac-44c2a0f245c3",
            "tenant_id": "aedab07df7994e4ab124c65956b97757",
            "timeouts": null
          },
          "sensitive_attributes": [],
          "private": "eyJlMmJmYjczMC1lY2FhLTExZTYtOGY4OC0zNDM2M2JjN2M0YzAiOnsiZGVsZXRlIjo2MDAwMDAwMDAwMDB9fQ==",
          "dependencies": [
            "openstack_networking_secgroup_v2.nginx_security_group"
          ]
        }
      ]
    },
    {
      "mode": "managed",
      "type": "openstack_networking_secgroup_v2",
      "name": "monitoring_security_group",
      "provider": "provider[\"registry.terraform.io/terraform-provider-openstack/openstack\"]",
      "instances": [
        {
          "schema_version": 0,
          "attributes": {
            "all_tags": [],
            "delete_default_rules": null,
            "description": "Security group for monitoring tools",
            "id": "2694874b-814b-407c-ba31-449a81c70e09",
            "name": "monitoring_security_group",
            "region": "LS",
            "tags": [],
            "tenant_id": "aedab07df7994e4ab124c65956b97757",
            "timeouts": null
          },
          "sensitive_attributes": [],
          "private": "eyJlMmJmYjczMC1lY2FhLTExZTYtOGY4OC0zNDM2M2JjN2M0YzAiOnsiZGVsZXRlIjo2MDAwMDAwMDAwMDB9fQ=="
        }
      ]
    },
    {
      "mode": "managed",
      "type": "openstack_networking_secgroup_v2",
      "name": "nginx_security_group",
      "provider": "provider[\"registry.terraform.io/terraform-provider-openstack/openstack\"]",
      "instances": [
        {
          "schema_version": 0,
          "attributes": {
            "all_tags": [],
            "delete_default_rules": null,
            "description": "Security group for Nginx",
            "id": "7f3168ff-7941-4441-bdac-44c2a0f245c3",
            "name": "nginx_security_group",
            "region": "LS",
            "tags": [],
            "tenant_id": "aedab07df7994e4ab124c65956b97757",
            "timeouts": null
          },
          "sensitive_attributes": [],
          "private": "eyJlMmJmYjczMC1lY2FhLTExZTYtOGY4OC0zNDM2M2JjN2M0YzAiOnsiZGVsZXRlIjo2MDAwMDAwMDAwMDB9fQ=="
        }
      ]
    },
    {
      "mode": "managed",
      "type": "openstack_networking_secgroup_v2",
      "name": "security_group",
      "provider": "provider[\"registry.terraform.io/terraform-provider-openstack/openstack\"]",
      "instances": [
        {
          "schema_version": 0,
          "attributes": {
            "all_tags": [],
            "delete_default_rules": null,
            "description": "Security group for SSH and all egress traffic",
            "id": "b8461b40-34cf-4bbf-8b05-f09da599c986",
            "name": "default_security_group",
            "region": "LS",
            "tags": [],
            "tenant_id": "aedab07df7994e4ab124c65956b97757",
            "timeouts": null
          },
          "sensitive_attributes": [],
          "private": "eyJlMmJmYjczMC1lY2FhLTExZTYtOGY4OC0zNDM2M2JjN2M0YzAiOnsiZGVsZXRlIjo2MDAwMDAwMDAwMDB9fQ=="
        }
      ]
    }
  ],
  "check_results": null
}
