{
  "version": 4,
  "terraform_version": "1.9.8",
  "serial": 405,
  "lineage": "9d512522-654b-0f3d-6c35-d73eb1e4dcf2",
  "outputs": {
    "floating_ip": {
      "value": "86.119.31.182",
      "type": "string"
    },
    "floating_ips": {
      "value": [
        "86.119.31.10",
        "86.119.31.43",
        "86.119.31.213"
      ],
      "type": [
        "tuple",
        [
          "string",
          "string",
          "string"
        ]
      ]
    },
    "private_ips": {
      "value": [
        "10.0.4.140",
        "10.0.2.93",
        "10.0.4.248"
      ],
      "type": [
        "tuple",
        [
          "string",
          "string",
          "string"
        ]
      ]
    }
  },
  "resources": [
    {
      "mode": "data",
      "type": "openstack_networking_port_v2",
      "name": "docker_ports",
      "provider": "provider[\"registry.terraform.io/terraform-provider-openstack/openstack\"]",
      "instances": [
        {
          "index_key": "docker-mgr-01",
          "schema_version": 0,
          "attributes": {
            "admin_state_up": true,
            "all_fixed_ips": [
              "10.0.4.140",
              "2001:620:5ca1:2f0:f816:3eff:febb:b8b1"
            ],
            "all_security_group_ids": [
              "11e5b249-0e35-407f-9ee2-1cafac42b70d",
              "38b46416-995b-48ff-9ad6-fff009f567f6",
              "c2bd170b-bc16-4f2e-a202-4b999c975313"
            ],
            "all_tags": [],
            "allowed_address_pairs": [],
            "binding": [
              {
                "host_id": "",
                "profile": "",
                "vif_details": {},
                "vif_type": "",
                "vnic_type": "normal"
              }
            ],
            "description": "",
            "device_id": "e8afa9cf-6ea7-4341-bae1-e74f96069df5",
            "device_owner": "compute:nova",
            "dns_assignment": [
              {
                "fqdn": "docker-mgr-01.ls.switchengines.ch.",
                "hostname": "docker-mgr-01",
                "ip_address": "10.0.4.140"
              },
              {
                "fqdn": "docker-mgr-01.ls.switchengines.ch.",
                "hostname": "docker-mgr-01",
                "ip_address": "2001:620:5ca1:2f0:f816:3eff:febb:b8b1"
              }
            ],
            "dns_name": "docker-mgr-01",
            "extra_dhcp_option": [],
            "fixed_ip": "10.0.4.140",
            "id": "2dbf424d-15af-49e7-8567-5393c76d3c67",
            "mac_address": "fa:16:3e:bb:b8:b1",
            "name": "",
            "network_id": "ecf5530b-4285-4ffb-a457-a24fcf989eb2",
            "port_id": "2dbf424d-15af-49e7-8567-5393c76d3c67",
            "project_id": "aedab07df7994e4ab124c65956b97757",
            "region": "LS",
            "security_group_ids": null,
            "status": null,
            "tags": null,
            "tenant_id": "aedab07df7994e4ab124c65956b97757"
          },
          "sensitive_attributes": []
        },
        {
          "index_key": "docker-wrk-01",
          "schema_version": 0,
          "attributes": {
            "admin_state_up": true,
            "all_fixed_ips": [
              "10.0.2.93",
              "2001:620:5ca1:2f0:f816:3eff:fe37:7424"
            ],
            "all_security_group_ids": [
              "11e5b249-0e35-407f-9ee2-1cafac42b70d",
              "38b46416-995b-48ff-9ad6-fff009f567f6",
              "c2bd170b-bc16-4f2e-a202-4b999c975313"
            ],
            "all_tags": [],
            "allowed_address_pairs": [],
            "binding": [
              {
                "host_id": "",
                "profile": "",
                "vif_details": {},
                "vif_type": "",
                "vnic_type": "normal"
              }
            ],
            "description": "",
            "device_id": "5ed0e044-805c-49e6-a5bd-a9c713516a45",
            "device_owner": "compute:nova",
            "dns_assignment": [
              {
                "fqdn": "docker-wrk-01.ls.switchengines.ch.",
                "hostname": "docker-wrk-01",
                "ip_address": "10.0.2.93"
              },
              {
                "fqdn": "docker-wrk-01.ls.switchengines.ch.",
                "hostname": "docker-wrk-01",
                "ip_address": "2001:620:5ca1:2f0:f816:3eff:fe37:7424"
              }
            ],
            "dns_name": "docker-wrk-01",
            "extra_dhcp_option": [],
            "fixed_ip": "10.0.2.93",
            "id": "accbfe42-dc63-4ee0-9732-cb9bdf016f8e",
            "mac_address": "fa:16:3e:37:74:24",
            "name": "",
            "network_id": "ecf5530b-4285-4ffb-a457-a24fcf989eb2",
            "port_id": "accbfe42-dc63-4ee0-9732-cb9bdf016f8e",
            "project_id": "aedab07df7994e4ab124c65956b97757",
            "region": "LS",
            "security_group_ids": null,
            "status": null,
            "tags": null,
            "tenant_id": "aedab07df7994e4ab124c65956b97757"
          },
          "sensitive_attributes": []
        },
        {
          "index_key": "docker-wrk-02",
          "schema_version": 0,
          "attributes": {
            "admin_state_up": true,
            "all_fixed_ips": [
              "10.0.4.248",
              "2001:620:5ca1:2f0:f816:3eff:fe79:d1f9"
            ],
            "all_security_group_ids": [
              "11e5b249-0e35-407f-9ee2-1cafac42b70d",
              "38b46416-995b-48ff-9ad6-fff009f567f6",
              "c2bd170b-bc16-4f2e-a202-4b999c975313"
            ],
            "all_tags": [],
            "allowed_address_pairs": [],
            "binding": [
              {
                "host_id": "",
                "profile": "",
                "vif_details": {},
                "vif_type": "",
                "vnic_type": "normal"
              }
            ],
            "description": "",
            "device_id": "10179433-640a-4592-ad93-757223a50b46",
            "device_owner": "compute:nova",
            "dns_assignment": [
              {
                "fqdn": "docker-wrk-02.ls.switchengines.ch.",
                "hostname": "docker-wrk-02",
                "ip_address": "10.0.4.248"
              },
              {
                "fqdn": "docker-wrk-02.ls.switchengines.ch.",
                "hostname": "docker-wrk-02",
                "ip_address": "2001:620:5ca1:2f0:f816:3eff:fe79:d1f9"
              }
            ],
            "dns_name": "docker-wrk-02",
            "extra_dhcp_option": [],
            "fixed_ip": "10.0.4.248",
            "id": "badbd657-d20c-4ce9-9355-8292e1de6c5b",
            "mac_address": "fa:16:3e:79:d1:f9",
            "name": "",
            "network_id": "ecf5530b-4285-4ffb-a457-a24fcf989eb2",
            "port_id": "badbd657-d20c-4ce9-9355-8292e1de6c5b",
            "project_id": "aedab07df7994e4ab124c65956b97757",
            "region": "LS",
            "security_group_ids": null,
            "status": null,
            "tags": null,
            "tenant_id": "aedab07df7994e4ab124c65956b97757"
          },
          "sensitive_attributes": []
        }
      ]
    },
    {
      "mode": "data",
      "type": "openstack_networking_port_v2",
      "name": "terraform-vm",
      "provider": "provider[\"registry.terraform.io/terraform-provider-openstack/openstack\"]",
      "instances": [
        {
          "schema_version": 0,
          "attributes": {
            "admin_state_up": true,
            "all_fixed_ips": [
              "10.0.4.151",
              "2001:620:5ca1:2f0:f816:3eff:fe5d:7e2d"
            ],
            "all_security_group_ids": [
              "11e5b249-0e35-407f-9ee2-1cafac42b70d",
              "38b46416-995b-48ff-9ad6-fff009f567f6",
              "7f0fa1c3-e4ca-440d-b78d-194e0d9b1859",
              "c2bd170b-bc16-4f2e-a202-4b999c975313"
            ],
            "all_tags": [],
            "allowed_address_pairs": [],
            "binding": [
              {
                "host_id": "",
                "profile": "",
                "vif_details": {},
                "vif_type": "",
                "vnic_type": "normal"
              }
            ],
            "description": "",
            "device_id": "ff6c770d-f7e1-4998-8ee9-aeea03ec9ff3",
            "device_owner": "compute:nova",
            "dns_assignment": [
              {
                "fqdn": "container-lxc-host.ls.switchengines.ch.",
                "hostname": "container-lxc-host",
                "ip_address": "10.0.4.151"
              },
              {
                "fqdn": "container-lxc-host.ls.switchengines.ch.",
                "hostname": "container-lxc-host",
                "ip_address": "2001:620:5ca1:2f0:f816:3eff:fe5d:7e2d"
              }
            ],
            "dns_name": "container-lxc-host",
            "extra_dhcp_option": [],
            "fixed_ip": "10.0.4.151",
            "id": "3e80220b-1038-4f47-a7d8-ad2beac6aeac",
            "mac_address": "fa:16:3e:5d:7e:2d",
            "name": "",
            "network_id": "ecf5530b-4285-4ffb-a457-a24fcf989eb2",
            "port_id": "3e80220b-1038-4f47-a7d8-ad2beac6aeac",
            "project_id": "aedab07df7994e4ab124c65956b97757",
            "region": "LS",
            "security_group_ids": null,
            "status": null,
            "tags": null,
            "tenant_id": "aedab07df7994e4ab124c65956b97757"
          },
          "sensitive_attributes": []
        }
      ]
    },
    {
      "mode": "managed",
      "type": "openstack_blockstorage_volume_v3",
      "name": "docker_volumes",
      "provider": "provider[\"registry.terraform.io/terraform-provider-openstack/openstack\"]",
      "instances": [
        {
          "index_key": "docker-mgr-01",
          "schema_version": 0,
          "attributes": {
            "attachment": [],
            "availability_zone": "nova",
            "backup_id": "",
            "consistency_group_id": null,
            "description": "50GB volume for docker-mgr-01",
            "enable_online_resize": null,
            "id": "9144a5be-5257-485a-82b8-c59866746ef5",
            "image_id": "c9d0280a-71dd-428c-9011-cbfd39bf9dc1",
            "metadata": {},
            "name": "docker-mgr-01-volume",
            "region": "LS",
            "scheduler_hints": [],
            "size": 50,
            "snapshot_id": "",
            "source_replica": null,
            "source_vol_id": "",
            "timeouts": null,
            "volume_type": "ceph-standard"
          },
          "sensitive_attributes": [],
          "private": "eyJlMmJmYjczMC1lY2FhLTExZTYtOGY4OC0zNDM2M2JjN2M0YzAiOnsiY3JlYXRlIjo2MDAwMDAwMDAwMDAsImRlbGV0ZSI6NjAwMDAwMDAwMDAwfX0="
        },
        {
          "index_key": "docker-wrk-01",
          "schema_version": 0,
          "attributes": {
            "attachment": [],
            "availability_zone": "nova",
            "backup_id": "",
            "consistency_group_id": null,
            "description": "50GB volume for docker-wrk-01",
            "enable_online_resize": null,
            "id": "cb12a11a-0687-4b28-b580-4db0180161ad",
            "image_id": "c9d0280a-71dd-428c-9011-cbfd39bf9dc1",
            "metadata": {},
            "name": "docker-wrk-01-volume",
            "region": "LS",
            "scheduler_hints": [],
            "size": 50,
            "snapshot_id": "",
            "source_replica": null,
            "source_vol_id": "",
            "timeouts": null,
            "volume_type": "ceph-standard"
          },
          "sensitive_attributes": [],
          "private": "eyJlMmJmYjczMC1lY2FhLTExZTYtOGY4OC0zNDM2M2JjN2M0YzAiOnsiY3JlYXRlIjo2MDAwMDAwMDAwMDAsImRlbGV0ZSI6NjAwMDAwMDAwMDAwfX0="
        },
        {
          "index_key": "docker-wrk-02",
          "schema_version": 0,
          "attributes": {
            "attachment": [],
            "availability_zone": "nova",
            "backup_id": "",
            "consistency_group_id": null,
            "description": "50GB volume for docker-wrk-02",
            "enable_online_resize": null,
            "id": "11c331fc-d719-4547-b402-b590019ee5e2",
            "image_id": "c9d0280a-71dd-428c-9011-cbfd39bf9dc1",
            "metadata": {},
            "name": "docker-wrk-02-volume",
            "region": "LS",
            "scheduler_hints": [],
            "size": 50,
            "snapshot_id": "",
            "source_replica": null,
            "source_vol_id": "",
            "timeouts": null,
            "volume_type": "ceph-standard"
          },
          "sensitive_attributes": [],
          "private": "eyJlMmJmYjczMC1lY2FhLTExZTYtOGY4OC0zNDM2M2JjN2M0YzAiOnsiY3JlYXRlIjo2MDAwMDAwMDAwMDAsImRlbGV0ZSI6NjAwMDAwMDAwMDAwfX0="
        }
      ]
    },
    {
      "mode": "managed",
      "type": "openstack_blockstorage_volume_v3",
      "name": "my_volume",
      "provider": "provider[\"registry.terraform.io/terraform-provider-openstack/openstack\"]",
      "instances": [
        {
          "schema_version": 0,
          "attributes": {
            "attachment": [],
            "availability_zone": "nova",
            "backup_id": "",
            "consistency_group_id": null,
            "description": "50GB volume for container-lxc-host",
            "enable_online_resize": null,
            "id": "e579b179-729d-4b7d-8e40-b55827353916",
            "image_id": "c9d0280a-71dd-428c-9011-cbfd39bf9dc1",
            "metadata": {},
            "name": "my-volume",
            "region": "LS",
            "scheduler_hints": [],
            "size": 50,
            "snapshot_id": "",
            "source_replica": null,
            "source_vol_id": "",
            "timeouts": null,
            "volume_type": "ceph-standard"
          },
          "sensitive_attributes": [],
          "private": "eyJlMmJmYjczMC1lY2FhLTExZTYtOGY4OC0zNDM2M2JjN2M0YzAiOnsiY3JlYXRlIjo2MDAwMDAwMDAwMDAsImRlbGV0ZSI6NjAwMDAwMDAwMDAwfX0="
        }
      ]
    },
    {
      "mode": "managed",
      "type": "openstack_compute_instance_v2",
      "name": "container-lxc-host",
      "provider": "provider[\"registry.terraform.io/terraform-provider-openstack/openstack\"]",
      "instances": [
        {
          "schema_version": 0,
          "attributes": {
            "access_ip_v4": "10.0.4.151",
            "access_ip_v6": "[2001:620:5ca1:2f0:f816:3eff:fe5d:7e2d]",
            "admin_pass": null,
            "all_metadata": {},
            "all_tags": [],
            "availability_zone": "nova",
            "availability_zone_hints": null,
            "block_device": [
              {
                "boot_index": 0,
                "delete_on_termination": true,
                "destination_type": "volume",
                "device_type": "",
                "disk_bus": "",
                "guest_format": "",
                "multiattach": false,
                "source_type": "volume",
                "uuid": "e579b179-729d-4b7d-8e40-b55827353916",
                "volume_size": 0,
                "volume_type": ""
              }
            ],
            "config_drive": null,
            "created": "2024-10-27 10:52:07 +0000 UTC",
            "flavor_id": "3",
            "flavor_name": "m1.medium",
            "force_delete": false,
            "id": "ff6c770d-f7e1-4998-8ee9-aeea03ec9ff3",
            "image_id": "Attempt to boot from volume - no image supplied",
            "image_name": null,
            "key_pair": "cloud",
            "metadata": null,
            "name": "container-lxc-host",
            "network": [
              {
                "access_network": false,
                "fixed_ip_v4": "10.0.4.151",
                "fixed_ip_v6": "[2001:620:5ca1:2f0:f816:3eff:fe5d:7e2d]",
                "mac": "fa:16:3e:5d:7e:2d",
                "name": "private",
                "port": "",
                "uuid": "ecf5530b-4285-4ffb-a457-a24fcf989eb2"
              }
            ],
            "network_mode": null,
            "personality": [],
            "power_state": "active",
            "region": "LS",
            "scheduler_hints": [],
            "security_groups": [
              "SSH",
              "default",
              "monitoring",
              "nginx"
            ],
            "stop_before_destroy": false,
            "tags": null,
            "timeouts": null,
            "updated": "2024-10-27 10:52:23 +0000 UTC",
            "user_data": null,
            "vendor_options": []
          },
          "sensitive_attributes": [
            [
              {
                "type": "get_attr",
                "value": "admin_pass"
              }
            ]
          ],
          "private": "eyJlMmJmYjczMC1lY2FhLTExZTYtOGY4OC0zNDM2M2JjN2M0YzAiOnsiY3JlYXRlIjoxODAwMDAwMDAwMDAwLCJkZWxldGUiOjE4MDAwMDAwMDAwMDAsInVwZGF0ZSI6MTgwMDAwMDAwMDAwMH19",
          "dependencies": [
            "openstack_blockstorage_volume_v3.my_volume"
          ]
        }
      ]
    },
    {
      "mode": "managed",
      "type": "openstack_compute_instance_v2",
      "name": "docker_instances",
      "provider": "provider[\"registry.terraform.io/terraform-provider-openstack/openstack\"]",
      "instances": [
        {
          "index_key": "docker-mgr-01",
          "schema_version": 0,
          "attributes": {
            "access_ip_v4": "10.0.4.140",
            "access_ip_v6": "[2001:620:5ca1:2f0:f816:3eff:febb:b8b1]",
            "admin_pass": null,
            "all_metadata": {},
            "all_tags": [],
            "availability_zone": "nova",
            "availability_zone_hints": null,
            "block_device": [
              {
                "boot_index": 0,
                "delete_on_termination": true,
                "destination_type": "volume",
                "device_type": "",
                "disk_bus": "",
                "guest_format": "",
                "multiattach": false,
                "source_type": "volume",
                "uuid": "9144a5be-5257-485a-82b8-c59866746ef5",
                "volume_size": 0,
                "volume_type": ""
              }
            ],
            "config_drive": null,
            "created": "2024-10-27 10:52:07 +0000 UTC",
            "flavor_id": "3",
            "flavor_name": "m1.medium",
            "force_delete": false,
            "id": "e8afa9cf-6ea7-4341-bae1-e74f96069df5",
            "image_id": "Attempt to boot from volume - no image supplied",
            "image_name": null,
            "key_pair": "cloud",
            "metadata": null,
            "name": "docker-mgr-01",
            "network": [
              {
                "access_network": false,
                "fixed_ip_v4": "10.0.4.140",
                "fixed_ip_v6": "[2001:620:5ca1:2f0:f816:3eff:febb:b8b1]",
                "mac": "fa:16:3e:bb:b8:b1",
                "name": "private",
                "port": "",
                "uuid": "ecf5530b-4285-4ffb-a457-a24fcf989eb2"
              }
            ],
            "network_mode": null,
            "personality": [],
            "power_state": "active",
            "region": "LS",
            "scheduler_hints": [],
            "security_groups": [
              "SSH",
              "default",
              "monitoring"
            ],
            "stop_before_destroy": false,
            "tags": null,
            "timeouts": null,
            "updated": "2024-10-27 10:52:23 +0000 UTC",
            "user_data": null,
            "vendor_options": []
          },
          "sensitive_attributes": [
            [
              {
                "type": "get_attr",
                "value": "admin_pass"
              }
            ]
          ],
          "private": "eyJlMmJmYjczMC1lY2FhLTExZTYtOGY4OC0zNDM2M2JjN2M0YzAiOnsiY3JlYXRlIjoxODAwMDAwMDAwMDAwLCJkZWxldGUiOjE4MDAwMDAwMDAwMDAsInVwZGF0ZSI6MTgwMDAwMDAwMDAwMH19",
          "dependencies": [
            "openstack_blockstorage_volume_v3.docker_volumes"
          ]
        },
        {
          "index_key": "docker-wrk-01",
          "schema_version": 0,
          "attributes": {
            "access_ip_v4": "10.0.2.93",
            "access_ip_v6": "[2001:620:5ca1:2f0:f816:3eff:fe37:7424]",
            "admin_pass": null,
            "all_metadata": {},
            "all_tags": [],
            "availability_zone": "nova",
            "availability_zone_hints": null,
            "block_device": [
              {
                "boot_index": 0,
                "delete_on_termination": true,
                "destination_type": "volume",
                "device_type": "",
                "disk_bus": "",
                "guest_format": "",
                "multiattach": false,
                "source_type": "volume",
                "uuid": "cb12a11a-0687-4b28-b580-4db0180161ad",
                "volume_size": 0,
                "volume_type": ""
              }
            ],
            "config_drive": null,
            "created": "2024-10-27 10:52:07 +0000 UTC",
            "flavor_id": "3",
            "flavor_name": "m1.medium",
            "force_delete": false,
            "id": "5ed0e044-805c-49e6-a5bd-a9c713516a45",
            "image_id": "Attempt to boot from volume - no image supplied",
            "image_name": null,
            "key_pair": "cloud",
            "metadata": null,
            "name": "docker-wrk-01",
            "network": [
              {
                "access_network": false,
                "fixed_ip_v4": "10.0.2.93",
                "fixed_ip_v6": "[2001:620:5ca1:2f0:f816:3eff:fe37:7424]",
                "mac": "fa:16:3e:37:74:24",
                "name": "private",
                "port": "",
                "uuid": "ecf5530b-4285-4ffb-a457-a24fcf989eb2"
              }
            ],
            "network_mode": null,
            "personality": [],
            "power_state": "active",
            "region": "LS",
            "scheduler_hints": [],
            "security_groups": [
              "SSH",
              "default",
              "monitoring"
            ],
            "stop_before_destroy": false,
            "tags": null,
            "timeouts": null,
            "updated": "2024-10-27 10:52:23 +0000 UTC",
            "user_data": null,
            "vendor_options": []
          },
          "sensitive_attributes": [
            [
              {
                "type": "get_attr",
                "value": "admin_pass"
              }
            ]
          ],
          "private": "eyJlMmJmYjczMC1lY2FhLTExZTYtOGY4OC0zNDM2M2JjN2M0YzAiOnsiY3JlYXRlIjoxODAwMDAwMDAwMDAwLCJkZWxldGUiOjE4MDAwMDAwMDAwMDAsInVwZGF0ZSI6MTgwMDAwMDAwMDAwMH19",
          "dependencies": [
            "openstack_blockstorage_volume_v3.docker_volumes"
          ]
        },
        {
          "index_key": "docker-wrk-02",
          "schema_version": 0,
          "attributes": {
            "access_ip_v4": "10.0.4.248",
            "access_ip_v6": "[2001:620:5ca1:2f0:f816:3eff:fe79:d1f9]",
            "admin_pass": null,
            "all_metadata": {},
            "all_tags": [],
            "availability_zone": "nova",
            "availability_zone_hints": null,
            "block_device": [
              {
                "boot_index": 0,
                "delete_on_termination": true,
                "destination_type": "volume",
                "device_type": "",
                "disk_bus": "",
                "guest_format": "",
                "multiattach": false,
                "source_type": "volume",
                "uuid": "11c331fc-d719-4547-b402-b590019ee5e2",
                "volume_size": 0,
                "volume_type": ""
              }
            ],
            "config_drive": null,
            "created": "2024-10-27 10:52:07 +0000 UTC",
            "flavor_id": "3",
            "flavor_name": "m1.medium",
            "force_delete": false,
            "id": "10179433-640a-4592-ad93-757223a50b46",
            "image_id": "Attempt to boot from volume - no image supplied",
            "image_name": null,
            "key_pair": "cloud",
            "metadata": null,
            "name": "docker-wrk-02",
            "network": [
              {
                "access_network": false,
                "fixed_ip_v4": "10.0.4.248",
                "fixed_ip_v6": "[2001:620:5ca1:2f0:f816:3eff:fe79:d1f9]",
                "mac": "fa:16:3e:79:d1:f9",
                "name": "private",
                "port": "",
                "uuid": "ecf5530b-4285-4ffb-a457-a24fcf989eb2"
              }
            ],
            "network_mode": null,
            "personality": [],
            "power_state": "active",
            "region": "LS",
            "scheduler_hints": [],
            "security_groups": [
              "SSH",
              "default",
              "monitoring"
            ],
            "stop_before_destroy": false,
            "tags": null,
            "timeouts": null,
            "updated": "2024-10-27 10:52:22 +0000 UTC",
            "user_data": null,
            "vendor_options": []
          },
          "sensitive_attributes": [
            [
              {
                "type": "get_attr",
                "value": "admin_pass"
              }
            ]
          ],
          "private": "eyJlMmJmYjczMC1lY2FhLTExZTYtOGY4OC0zNDM2M2JjN2M0YzAiOnsiY3JlYXRlIjoxODAwMDAwMDAwMDAwLCJkZWxldGUiOjE4MDAwMDAwMDAwMDAsInVwZGF0ZSI6MTgwMDAwMDAwMDAwMH19",
          "dependencies": [
            "openstack_blockstorage_volume_v3.docker_volumes"
          ]
        }
      ]
    },
    {
      "mode": "managed",
      "type": "openstack_networking_floatingip_associate_v2",
      "name": "fip_assoc",
      "provider": "provider[\"registry.terraform.io/terraform-provider-openstack/openstack\"]",
      "instances": [
        {
          "schema_version": 0,
          "attributes": {
            "fixed_ip": "10.0.4.151",
            "floating_ip": "86.119.31.182",
            "id": "c58dd2fe-25de-464a-9818-588afdf36517",
            "port_id": "3e80220b-1038-4f47-a7d8-ad2beac6aeac",
            "region": "LS"
          },
          "sensitive_attributes": [],
          "private": "bnVsbA==",
          "dependencies": [
            "data.openstack_networking_port_v2.terraform-vm",
            "openstack_blockstorage_volume_v3.my_volume",
            "openstack_compute_instance_v2.container-lxc-host",
            "openstack_networking_floatingip_v2.floating_ip"
          ]
        }
      ]
    },
    {
      "mode": "managed",
      "type": "openstack_networking_floatingip_associate_v2",
      "name": "fip_assoc_docker",
      "provider": "provider[\"registry.terraform.io/terraform-provider-openstack/openstack\"]",
      "instances": [
        {
          "index_key": "docker-mgr-01",
          "schema_version": 0,
          "attributes": {
            "fixed_ip": "10.0.4.140",
            "floating_ip": "86.119.31.10",
            "id": "c43dbff3-af62-45d5-ae80-7ecc2ec98358",
            "port_id": "2dbf424d-15af-49e7-8567-5393c76d3c67",
            "region": "LS"
          },
          "sensitive_attributes": [],
          "private": "bnVsbA==",
          "dependencies": [
            "data.openstack_networking_port_v2.docker_ports",
            "openstack_blockstorage_volume_v3.docker_volumes",
            "openstack_compute_instance_v2.docker_instances",
            "openstack_networking_floatingip_v2.floating_ips"
          ]
        },
        {
          "index_key": "docker-wrk-01",
          "schema_version": 0,
          "attributes": {
            "fixed_ip": "10.0.2.93",
            "floating_ip": "86.119.31.43",
            "id": "da45ff4a-5d26-4d93-933c-59952586a590",
            "port_id": "accbfe42-dc63-4ee0-9732-cb9bdf016f8e",
            "region": "LS"
          },
          "sensitive_attributes": [],
          "private": "bnVsbA==",
          "dependencies": [
            "data.openstack_networking_port_v2.docker_ports",
            "openstack_blockstorage_volume_v3.docker_volumes",
            "openstack_compute_instance_v2.docker_instances",
            "openstack_networking_floatingip_v2.floating_ips"
          ]
        },
        {
          "index_key": "docker-wrk-02",
          "schema_version": 0,
          "attributes": {
            "fixed_ip": "10.0.4.248",
            "floating_ip": "86.119.31.213",
            "id": "7f10114d-990d-4c6e-9f68-2396d295c59b",
            "port_id": "badbd657-d20c-4ce9-9355-8292e1de6c5b",
            "region": "LS"
          },
          "sensitive_attributes": [],
          "private": "bnVsbA==",
          "dependencies": [
            "data.openstack_networking_port_v2.docker_ports",
            "openstack_blockstorage_volume_v3.docker_volumes",
            "openstack_compute_instance_v2.docker_instances",
            "openstack_networking_floatingip_v2.floating_ips"
          ]
        }
      ]
    },
    {
      "mode": "managed",
      "type": "openstack_networking_floatingip_v2",
      "name": "floating_ip",
      "provider": "provider[\"registry.terraform.io/terraform-provider-openstack/openstack\"]",
      "instances": [
        {
          "schema_version": 0,
          "attributes": {
            "address": "86.119.31.182",
            "all_tags": [],
            "description": "",
            "dns_domain": "",
            "dns_name": "",
            "fixed_ip": "",
            "id": "c58dd2fe-25de-464a-9818-588afdf36517",
            "pool": "public",
            "port_id": "",
            "region": "LS",
            "subnet_id": null,
            "subnet_ids": null,
            "tags": null,
            "tenant_id": "aedab07df7994e4ab124c65956b97757",
            "timeouts": null,
            "value_specs": null
          },
          "sensitive_attributes": [],
          "private": "eyJlMmJmYjczMC1lY2FhLTExZTYtOGY4OC0zNDM2M2JjN2M0YzAiOnsiY3JlYXRlIjo2MDAwMDAwMDAwMDAsImRlbGV0ZSI6NjAwMDAwMDAwMDAwfX0="
        }
      ]
    },
    {
      "mode": "managed",
      "type": "openstack_networking_floatingip_v2",
      "name": "floating_ip_for_Damjan",
      "provider": "provider[\"registry.terraform.io/terraform-provider-openstack/openstack\"]",
      "instances": [
        {
          "schema_version": 0,
          "attributes": {
            "address": "86.119.30.159",
            "all_tags": [],
            "description": "",
            "dns_domain": "",
            "dns_name": "",
            "fixed_ip": "",
            "id": "ef724db3-398d-4694-aeac-6d690d86b102",
            "pool": "public",
            "port_id": "",
            "region": "LS",
            "subnet_id": null,
            "subnet_ids": null,
            "tags": null,
            "tenant_id": "aedab07df7994e4ab124c65956b97757",
            "timeouts": null,
            "value_specs": null
          },
          "sensitive_attributes": [],
          "private": "eyJlMmJmYjczMC1lY2FhLTExZTYtOGY4OC0zNDM2M2JjN2M0YzAiOnsiY3JlYXRlIjo2MDAwMDAwMDAwMDAsImRlbGV0ZSI6NjAwMDAwMDAwMDAwfX0="
        }
      ]
    },
    {
      "mode": "managed",
      "type": "openstack_networking_floatingip_v2",
      "name": "floating_ips",
      "provider": "provider[\"registry.terraform.io/terraform-provider-openstack/openstack\"]",
      "instances": [
        {
          "index_key": "docker-mgr-01",
          "schema_version": 0,
          "attributes": {
            "address": "86.119.31.10",
            "all_tags": [],
            "description": "",
            "dns_domain": "",
            "dns_name": "",
            "fixed_ip": "",
            "id": "c43dbff3-af62-45d5-ae80-7ecc2ec98358",
            "pool": "public",
            "port_id": "",
            "region": "LS",
            "subnet_id": null,
            "subnet_ids": null,
            "tags": null,
            "tenant_id": "aedab07df7994e4ab124c65956b97757",
            "timeouts": null,
            "value_specs": null
          },
          "sensitive_attributes": [],
          "private": "eyJlMmJmYjczMC1lY2FhLTExZTYtOGY4OC0zNDM2M2JjN2M0YzAiOnsiY3JlYXRlIjo2MDAwMDAwMDAwMDAsImRlbGV0ZSI6NjAwMDAwMDAwMDAwfX0="
        },
        {
          "index_key": "docker-wrk-01",
          "schema_version": 0,
          "attributes": {
            "address": "86.119.31.43",
            "all_tags": [],
            "description": "",
            "dns_domain": "",
            "dns_name": "",
            "fixed_ip": "",
            "id": "da45ff4a-5d26-4d93-933c-59952586a590",
            "pool": "public",
            "port_id": "",
            "region": "LS",
            "subnet_id": null,
            "subnet_ids": null,
            "tags": null,
            "tenant_id": "aedab07df7994e4ab124c65956b97757",
            "timeouts": null,
            "value_specs": null
          },
          "sensitive_attributes": [],
          "private": "eyJlMmJmYjczMC1lY2FhLTExZTYtOGY4OC0zNDM2M2JjN2M0YzAiOnsiY3JlYXRlIjo2MDAwMDAwMDAwMDAsImRlbGV0ZSI6NjAwMDAwMDAwMDAwfX0="
        },
        {
          "index_key": "docker-wrk-02",
          "schema_version": 0,
          "attributes": {
            "address": "86.119.31.213",
            "all_tags": [],
            "description": "",
            "dns_domain": "",
            "dns_name": "",
            "fixed_ip": "",
            "id": "7f10114d-990d-4c6e-9f68-2396d295c59b",
            "pool": "public",
            "port_id": "",
            "region": "LS",
            "subnet_id": null,
            "subnet_ids": null,
            "tags": null,
            "tenant_id": "aedab07df7994e4ab124c65956b97757",
            "timeouts": null,
            "value_specs": null
          },
          "sensitive_attributes": [],
          "private": "eyJlMmJmYjczMC1lY2FhLTExZTYtOGY4OC0zNDM2M2JjN2M0YzAiOnsiY3JlYXRlIjo2MDAwMDAwMDAwMDAsImRlbGV0ZSI6NjAwMDAwMDAwMDAwfX0="
        }
      ]
    }
  ],
  "check_results": null
}
